<?xml version="1.0" encoding="utf-8"?>
<Project ToolsVersion="4.0" xmlns="http://schemas.microsoft.com/developer/msbuild/2003">
  <ItemGroup>
    <ClCompile Include="AIManager.cpp" />
    <ClCompile Include="Vehicle.cpp" />
    <ClCompile Include="Waypoint.cpp" />
    <ClCompile Include="DDSTextureLoader.cpp">
      <Filter>Core %28do not edit%29</Filter>
    </ClCompile>
    <ClCompile Include="Background.cpp">
      <Filter>Core %28do not edit%29</Filter>
    </ClCompile>
    <ClCompile Include="WaypointManager.cpp" />
    <ClCompile Include="DrawableGameObject.cpp">
      <Filter>Core %28do not edit%29</Filter>
    </ClCompile>
    <ClCompile Include="main.cpp">
      <Filter>Core %28do not edit%29</Filter>
    </ClCompile>
    <ClCompile Include="Collidable.cpp" />
    <ClCompile Include="CollisionHelper.cpp" />
    <ClCompile Include="ForceMotion.cpp" />
    <ClCompile Include="Tasking.cpp" />
    <ClCompile Include="Whisker.cpp" />
    <ClCompile Include="State.cpp">
      <Filter>States</Filter>
    </ClCompile>
    <ClCompile Include="FSM.cpp">
      <Filter>States\Machines</Filter>
    </ClCompile>
    <ClCompile Include="SFSM.cpp">
      <Filter>States\Machines</Filter>
    </ClCompile>
    <ClCompile Include="HierarchicalState.cpp">
      <Filter>States</Filter>
    </ClCompile>
    <ClCompile Include="ArriveState.cpp">
      <Filter>States\SteeringBehaviours</Filter>
    </ClCompile>
    <ClCompile Include="SeekState.cpp">
      <Filter>States\SteeringBehaviours</Filter>
    </ClCompile>
    <ClCompile Include="WanderState.cpp">
      <Filter>States\SteeringBehaviours</Filter>
    </ClCompile>
    <ClCompile Include="PickupItem.cpp">
      <Filter>Pickups</Filter>
    </ClCompile>
    <ClCompile Include="PassengerPickup.cpp">
      <Filter>Pickups</Filter>
    </ClCompile>
    <ClCompile Include="Passenger.cpp">
      <Filter>Pickups</Filter>
    </ClCompile>
    <ClCompile Include="PickupManager.cpp" />
    <ClCompile Include="FuelPickup.cpp">
      <Filter>Pickups</Filter>
    </ClCompile>
  </ItemGroup>
  <ItemGroup>
    <ClInclude Include="AIManager.h" />
    <ClInclude Include="Vehicle.h" />
    <ClInclude Include="Waypoint.h" />
    <ClInclude Include="DDSTextureLoader.h">
      <Filter>Core %28do not edit%29</Filter>
    </ClInclude>
    <ClInclude Include="Background.h">
      <Filter>Core %28do not edit%29</Filter>
    </ClInclude>
    <CLInclude Include="resource.h">
      <Filter>Core %28do not edit%29</Filter>
    </CLInclude>
    <ClInclude Include="WaypointManager.h" />
    <ClInclude Include="DrawableGameObject.h">
      <Filter>Core %28do not edit%29</Filter>
    </ClInclude>
    <ClInclude Include="main.h">
      <Filter>Core %28do not edit%29</Filter>
    </ClInclude>
    <ClInclude Include="structures.h">
      <Filter>Core %28do not edit%29</Filter>
    </ClInclude>
    <ClInclude Include="Vector2D.h">
      <Filter>Core %28do not edit%29</Filter>
    </ClInclude>
    <ClInclude Include="Collidable.h" />
    <ClInclude Include="constants.h">
      <Filter>Core %28do not edit%29</Filter>
    </ClInclude>
    <ClInclude Include="CollisionHelper.h" />
    <ClInclude Include="ForceMotion.h" />
    <ClInclude Include="Tasking.h" />
    <ClInclude Include="Whisker.h" />
    <ClInclude Include="State.h">
      <Filter>States</Filter>
    </ClInclude>
    <ClInclude Include="Target.h">
      <Filter>Targets</Filter>
    </ClInclude>
    <ClInclude Include="AttachedTarget.h">
      <Filter>Targets</Filter>
    </ClInclude>
    <ClInclude Include="StaticTarget.h">
      <Filter>Targets</Filter>
    </ClInclude>
    <ClInclude Include="Controls.h" />
    <ClInclude Include="FSM.h">
      <Filter>States\Machines</Filter>
    </ClInclude>
    <ClInclude Include="SFSM.h">
      <Filter>States\Machines</Filter>
    </ClInclude>
    <ClInclude Include="SM.h">
      <Filter>States\Machines</Filter>
    </ClInclude>
    <ClInclude Include="HierarchicalState.h">
      <Filter>States</Filter>
    </ClInclude>
    <ClInclude Include="ArriveState.h">
      <Filter>States\SteeringBehaviours</Filter>
    </ClInclude>
    <ClInclude Include="SeekState.h">
      <Filter>States\SteeringBehaviours</Filter>
    </ClInclude>
    <ClInclude Include="WanderState.h">
      <Filter>States\SteeringBehaviours</Filter>
    </ClInclude>
    <ClInclude Include="PickupItem.h">
      <Filter>Pickups</Filter>
    </ClInclude>
    <ClInclude Include="PassengerPickup.h">
      <Filter>Pickups</Filter>
    </ClInclude>
    <ClInclude Include="Passenger.h" />
    <ClInclude Include="PickupManager.h" />
    <ClInclude Include="FuelPickup.h">
      <Filter>Pickups</Filter>
    </ClInclude>
  </ItemGroup>
  <ItemGroup>
    <Image Include="Resources\blue.dds">
      <Filter>Assets</Filter>
    </Image>
    <Image Include="Resources\car_blue.dds">
      <Filter>Assets</Filter>
    </Image>
    <Image Include="Resources\floor.dds">
      <Filter>Assets</Filter>
    </Image>
    <Image Include="Resources\green.dds">
      <Filter>Assets</Filter>
    </Image>
    <Image Include="Resources\pickup_speedboost.dds">
      <Filter>Assets</Filter>
    </Image>
    <Image Include="Resources\red.dds">
      <Filter>Assets</Filter>
    </Image>
    <Image Include="Resources\stone.dds">
      <Filter>Assets</Filter>
    </Image>
    <Image Include="Resources\track.dds">
      <Filter>Assets</Filter>
    </Image>
    <Image Include="Resources\yellow.dds">
      <Filter>Assets</Filter>
    </Image>
    <Image Include="Resources\map.dds">
      <Filter>Assets</Filter>
    </Image>
    <Image Include="Resources\car_red.dds">
      <Filter>Assets</Filter>
    </Image>
    <Image Include="Resources\pickup_fuel.dds">
      <Filter>Assets</Filter>
    </Image>
    <Image Include="Resources\pickup_passenger.dds">
      <Filter>Assets</Filter>
    </Image>
  </ItemGroup>
  <ItemGroup>
    <Filter Include="Assets">
      <UniqueIdentifier>{d76346de-be36-4e73-9e20-c041620ff0d1}</UniqueIdentifier>
    </Filter>
    <Filter Include="Core %28do not edit%29">
      <UniqueIdentifier>{c721d74b-61d3-4ae0-9d17-be739d070a1c}</UniqueIdentifier>
    </Filter>
    <Filter Include="States">
      <UniqueIdentifier>{3987d604-49d2-41a6-8326-435eb4bb862f}</UniqueIdentifier>
    </Filter>
    <Filter Include="Targets">
      <UniqueIdentifier>{b5f4f8cd-ab6f-4a2c-99d1-227d8d6f8910}</UniqueIdentifier>
    </Filter>
    <Filter Include="States\Machines">
      <UniqueIdentifier>{6f8f2cb1-9f84-419d-ae26-f6cb0469c5c1}</UniqueIdentifier>
    </Filter>
    <Filter Include="States\SteeringBehaviours">
      <UniqueIdentifier>{0849e1f7-91c8-4c82-a243-c43fd8270ab9}</UniqueIdentifier>
    </Filter>
    <Filter Include="Pickups">
      <UniqueIdentifier>{493cb539-bf78-4e0e-91d1-e37f3b61ae50}</UniqueIdentifier>
    </Filter>
  </ItemGroup>
  <ItemGroup>
    <FxCompile Include="shader.fx">
      <Filter>Assets</Filter>
    </FxCompile>
  </ItemGroup>
  <ItemGroup>
    <ResourceCompile Include="AIFramework.rc">
      <Filter>Core %28do not edit%29</Filter>
    </ResourceCompile>
  </ItemGroup>
  <ItemGroup>
    <Text Include="Resources\waypoints.txt">
      <Filter>Assets</Filter>
    </Text>
  </ItemGroup>
</Project>